// !$*UTF8*$!
{
	archiveVersion = 1;
	classes = {
	};
	objectVersion = 46;
	objects = {

/* Begin PBXBuildFile section */
		BB01ADF11D2ACEA4004EE2D0 /* AppDelegate.swift in Sources */ = {isa = PBXBuildFile; fileRef = BB01ADF01D2ACEA4004EE2D0 /* AppDelegate.swift */; };
		BB01ADF31D2ACEA4004EE2D0 /* ViewController.swift in Sources */ = {isa = PBXBuildFile; fileRef = BB01ADF21D2ACEA4004EE2D0 /* ViewController.swift */; };
		BB01ADF61D2ACEA4004EE2D0 /* Main.storyboard in Resources */ = {isa = PBXBuildFile; fileRef = BB01ADF41D2ACEA4004EE2D0 /* Main.storyboard */; };
		BB01ADF91D2ACEA4004EE2D0 /* Runmill.xcdatamodeld in Sources */ = {isa = PBXBuildFile; fileRef = BB01ADF71D2ACEA4004EE2D0 /* Runmill.xcdatamodeld */; };
		BB01ADFB1D2ACEA4004EE2D0 /* Assets.xcassets in Resources */ = {isa = PBXBuildFile; fileRef = BB01ADFA1D2ACEA4004EE2D0 /* Assets.xcassets */; };
		BB01ADFE1D2ACEA4004EE2D0 /* LaunchScreen.storyboard in Resources */ = {isa = PBXBuildFile; fileRef = BB01ADFC1D2ACEA4004EE2D0 /* LaunchScreen.storyboard */; };
		BB01AE141D2AD23A004EE2D0 /* Run+CoreDataProperties.swift in Sources */ = {isa = PBXBuildFile; fileRef = BB01AE121D2AD23A004EE2D0 /* Run+CoreDataProperties.swift */; };
		BB01AE151D2AD23A004EE2D0 /* Run.swift in Sources */ = {isa = PBXBuildFile; fileRef = BB01AE131D2AD23A004EE2D0 /* Run.swift */; };
		BB01AE171D2AD2D3004EE2D0 /* CoreDataStack.swift in Sources */ = {isa = PBXBuildFile; fileRef = BB01AE161D2AD2D3004EE2D0 /* CoreDataStack.swift */; };
		BB81555F1D2AD4C000AB613D /* RunStore.swift in Sources */ = {isa = PBXBuildFile; fileRef = BB81555E1D2AD4C000AB613D /* RunStore.swift */; };
/* End PBXBuildFile section */

/* Begin PBXFileReference section */
		BB01ADED1D2ACEA4004EE2D0 /* Runmill.app */ = {isa = PBXFileReference; explicitFileType = wrapper.application; includeInIndex = 0; path = Runmill.app; sourceTree = BUILT_PRODUCTS_DIR; };
		BB01ADF01D2ACEA4004EE2D0 /* AppDelegate.swift */ = {isa = PBXFileReference; lastKnownFileType = sourcecode.swift; path = AppDelegate.swift; sourceTree = "<group>"; };
		BB01ADF21D2ACEA4004EE2D0 /* ViewController.swift */ = {isa = PBXFileReference; lastKnownFileType = sourcecode.swift; path = ViewController.swift; sourceTree = "<group>"; usesTabs = 1; };
		BB01ADF51D2ACEA4004EE2D0 /* Base */ = {isa = PBXFileReference; lastKnownFileType = file.storyboard; name = Base; path = Base.lproj/Main.storyboard; sourceTree = "<group>"; };
		BB01ADF81D2ACEA4004EE2D0 /* Runmill.xcdatamodel */ = {isa = PBXFileReference; lastKnownFileType = wrapper.xcdatamodel; path = Runmill.xcdatamodel; sourceTree = "<group>"; };
		BB01ADFA1D2ACEA4004EE2D0 /* Assets.xcassets */ = {isa = PBXFileReference; lastKnownFileType = folder.assetcatalog; path = Assets.xcassets; sourceTree = "<group>"; };
		BB01ADFD1D2ACEA4004EE2D0 /* Base */ = {isa = PBXFileReference; lastKnownFileType = file.storyboard; name = Base; path = Base.lproj/LaunchScreen.storyboard; sourceTree = "<group>"; };
		BB01ADFF1D2ACEA4004EE2D0 /* Info.plist */ = {isa = PBXFileReference; lastKnownFileType = text.plist.xml; path = Info.plist; sourceTree = "<group>"; };
		BB01AE121D2AD23A004EE2D0 /* Run+CoreDataProperties.swift */ = {isa = PBXFileReference; fileEncoding = 4; lastKnownFileType = sourcecode.swift; path = "Run+CoreDataProperties.swift"; sourceTree = "<group>"; };
		BB01AE131D2AD23A004EE2D0 /* Run.swift */ = {isa = PBXFileReference; fileEncoding = 4; lastKnownFileType = sourcecode.swift; path = Run.swift; sourceTree = "<group>"; };
		BB01AE161D2AD2D3004EE2D0 /* CoreDataStack.swift */ = {isa = PBXFileReference; fileEncoding = 4; lastKnownFileType = sourcecode.swift; path = CoreDataStack.swift; sourceTree = "<group>"; };
		BB81555E1D2AD4C000AB613D /* RunStore.swift */ = {isa = PBXFileReference; fileEncoding = 4; lastKnownFileType = sourcecode.swift; path = RunStore.swift; sourceTree = "<group>"; };
/* End PBXFileReference section */

/* Begin PBXFrameworksBuildPhase section */
		BB01ADEA1D2ACEA4004EE2D0 /* Frameworks */ = {
			isa = PBXFrameworksBuildPhase;
			buildActionMask = 2147483647;
			files = (
			);
			runOnlyForDeploymentPostprocessing = 0;
		};
/* End PBXFrameworksBuildPhase section */

/* Begin PBXGroup section */
		BB01ADE41D2ACEA4004EE2D0 = {
			isa = PBXGroup;
			children = (
				BB01ADEF1D2ACEA4004EE2D0 /* Runmill */,
				BB01ADEE1D2ACEA4004EE2D0 /* Products */,
			);
			sourceTree = "<group>";
		};
		BB01ADEE1D2ACEA4004EE2D0 /* Products */ = {
			isa = PBXGroup;
			children = (
				BB01ADED1D2ACEA4004EE2D0 /* Runmill.app */,
			);
			name = Products;
			sourceTree = "<group>";
		};
		BB01ADEF1D2ACEA4004EE2D0 /* Runmill */ = {
			isa = PBXGroup;
			children = (
				BB01ADF01D2ACEA4004EE2D0 /* AppDelegate.swift */,
				BB01ADF21D2ACEA4004EE2D0 /* ViewController.swift */,
				BB01ADF41D2ACEA4004EE2D0 /* Main.storyboard */,
				BB01ADFA1D2ACEA4004EE2D0 /* Assets.xcassets */,
				BB01ADFC1D2ACEA4004EE2D0 /* LaunchScreen.storyboard */,
				BB01ADFF1D2ACEA4004EE2D0 /* Info.plist */,
				BB01ADF71D2ACEA4004EE2D0 /* Runmill.xcdatamodeld */,
				BB81555E1D2AD4C000AB613D /* RunStore.swift */,
				BB01AE121D2AD23A004EE2D0 /* Run+CoreDataProperties.swift */,
				BB01AE131D2AD23A004EE2D0 /* Run.swift */,
				BB01AE161D2AD2D3004EE2D0 /* CoreDataStack.swift */,
			);
			path = Runmill;
			sourceTree = "<group>";
		};
/* End PBXGroup section */

/* Begin PBXNativeTarget section */
		BB01ADEC1D2ACEA4004EE2D0 /* Runmill */ = {
			isa = PBXNativeTarget;
			buildConfigurationList = BB01AE021D2ACEA4004EE2D0 /* Build configuration list for PBXNativeTarget "Runmill" */;
			buildPhases = (
				BB01ADE91D2ACEA4004EE2D0 /* Sources */,
				BB01ADEA1D2ACEA4004EE2D0 /* Frameworks */,
				BB01ADEB1D2ACEA4004EE2D0 /* Resources */,
			);
			buildRules = (
			);
			dependencies = (
			);
			name = Runmill;
			productName = Runmill;
			productReference = BB01ADED1D2ACEA4004EE2D0 /* Runmill.app */;
			productType = "com.apple.product-type.application";
		};
/* End PBXNativeTarget section */

/* Begin PBXProject section */
		BB01ADE51D2ACEA4004EE2D0 /* Project object */ = {
			isa = PBXProject;
			attributes = {
				LastSwiftUpdateCheck = 0730;
				LastUpgradeCheck = 0730;
				ORGANIZATIONNAME = "Matt Bettinson";
				TargetAttributes = {
					BB01ADEC1D2ACEA4004EE2D0 = {
						CreatedOnToolsVersion = 7.3.1;
					};
				};
			};
			buildConfigurationList = BB01ADE81D2ACEA4004EE2D0 /* Build configuration list for PBXProject "Runmill" */;
			compatibilityVersion = "Xcode 3.2";
			developmentRegion = English;
			hasScannedForEncodings = 0;
			knownRegions = (
				en,
				Base,
			);
			mainGroup = BB01ADE41D2ACEA4004EE2D0;
			productRefGroup = BB01ADEE1D2ACEA4004EE2D0 /* Products */;
			projectDirPath = "";
			projectRoot = "";
			targets = (
				BB01ADEC1D2ACEA4004EE2D0 /* Runmill */,
			);
		};
/* End PBXProject section */

/* Begin PBXResourcesBuildPhase section */
		BB01ADEB1D2ACEA4004EE2D0 /* Resources */ = {
			isa = PBXResourcesBuildPhase;
			buildActionMask = 2147483647;
			files = (
				BB01ADFE1D2ACEA4004EE2D0 /* LaunchScreen.storyboard in Resources */,
				BB01ADFB1D2ACEA4004EE2D0 /* Assets.xcassets in Resources */,
				BB01ADF61D2ACEA4004EE2D0 /* Main.storyboard in Resources */,
			);
			runOnlyForDeploymentPostprocessing = 0;
		};
/* End PBXResourcesBuildPhase section */

/* Begin PBXSourcesBuildPhase section */
		BB01ADE91D2ACEA4004EE2D0 /* Sources */ = {
			isa = PBXSourcesBuildPhase;
			buildActionMask = 2147483647;
			files = (
				BB01ADF31D2ACEA4004EE2D0 /* ViewController.swift in Sources */,
				BB81555F1D2AD4C000AB613D /* RunStore.swift in Sources */,
				BB01ADF91D2ACEA4004EE2D0 /* Runmill.xcdatamodeld in Sources */,
				BB01ADF11D2ACEA4004EE2D0 /* AppDelegate.swift in Sources */,
				BB01AE171D2AD2D3004EE2D0 /* CoreDataStack.swift in Sources */,
				BB01AE151D2AD23A004EE2D0 /* Run.swift in Sources */,
				BB01AE141D2AD23A004EE2D0 /* Run+CoreDataProperties.swift in Sources */,
			);
			runOnlyForDeploymentPostprocessing = 0;
		};
/* End PBXSourcesBuildPhase section */

/* Begin PBXVariantGroup section */
		BB01ADF41D2ACEA4004EE2D0 /* Main.storyboard */ = {
			isa = PBXVariantGroup;
			children = (
				BB01ADF51D2ACEA4004EE2D0 /* Base */,
			);
			name = Main.storyboard;
			sourceTree = "<group>";
		};
		BB01ADFC1D2ACEA4004EE2D0 /* LaunchScreen.storyboard */ = {
			isa = PBXVariantGroup;
			children = (
				BB01ADFD1D2ACEA4004EE2D0 /* Base */,
			);
			name = LaunchScreen.storyboard;
			sourceTree = "<group>";
		};
/* End PBXVariantGroup section */

/* Begin XCBuildConfiguration section */
		BB01AE001D2ACEA4004EE2D0 /* Debug */ = {
			isa = XCBuildConfiguration;
			buildSettings = {
				ALWAYS_SEARCH_USER_PATHS = NO;
				CLANG_ANALYZER_NONNULL = YES;
				CLANG_CXX_LANGUAGE_STANDARD = "gnu++0x";
				CLANG_CXX_LIBRARY = "libc++";
				CLANG_ENABLE_MODULES = YES;
				CLANG_ENABLE_OBJC_ARC = YES;
				CLANG_WARN_BOOL_CONVERSION = YES;
				CLANG_WARN_CONSTANT_CONVERSION = YES;
				CLANG_WARN_DIRECT_OBJC_ISA_USAGE = YES_ERROR;
				CLANG_WARN_EMPTY_BODY = YES;
				CLANG_WARN_ENUM_CONVERSION = YES;
				CLANG_WARN_INT_CONVERSION = YES;
				CLANG_WARN_OBJC_ROOT_CLASS = YES_ERROR;
				CLANG_WARN_UNREACHABLE_CODE = YES;
				CLANG_WARN__DUPLICATE_METHOD_MATCH = YES;
				"CODE_SIGN_IDENTITY[sdk=iphoneos*]" = "iPhone Developer";
				COPY_PHASE_STRIP = NO;
				DEBUG_INFORMATION_FORMAT = dwarf;
				ENABLE_STRICT_OBJC_MSGSEND = YES;
				ENABLE_TESTABILITY = YES;
				GCC_C_LANGUAGE_STANDARD = gnu99;
				GCC_DYNAMIC_NO_PIC = NO;
				GCC_NO_COMMON_BLOCKS = YES;
				GCC_OPTIMIZATION_LEVEL = 0;
				GCC_PREPROCESSOR_DEFINITIONS = (
					"DEBUG=1",
					"$(inherited)",
				);
				GCC_WARN_64_TO_32_BIT_CONVERSION = YES;
				GCC_WARN_ABOUT_RETURN_TYPE = YES_ERROR;
				GCC_WARN_UNDECLARED_SELECTOR = YES;
				GCC_WARN_UNINITIALIZED_AUTOS = YES_AGGRESSIVE;
				GCC_WARN_UNUSED_FUNCTION = YES;
				GCC_WARN_UNUSED_VARIABLE = YES;
				IPHONEOS_DEPLOYMENT_TARGET = 9.3;
				MTL_ENABLE_DEBUG_INFO = YES;
				ONLY_ACTIVE_ARCH = YES;
				SDKROOT = iphoneos;
				SWIFT_OPTIMIZATION_LEVEL = "-Onone";
			};
			name = Debug;
		};
		BB01AE011D2ACEA4004EE2D0 /* Release */ = {
			isa = XCBuildConfiguration;
			buildSettings = {
				ALWAYS_SEARCH_USER_PATHS = NO;
				CLANG_ANALYZER_NONNULL = YES;
				CLANG_CXX_LANGUAGE_STANDARD = "gnu++0x";
				CLANG_CXX_LIBRARY = "libc++";
				CLANG_ENABLE_MODULES = YES;
				CLANG_ENABLE_OBJC_ARC = YES;
				CLANG_WARN_BOOL_CONVERSION = YES;
				CLANG_WARN_CONSTANT_CONVERSION = YES;
				CLANG_WARN_DIRECT_OBJC_ISA_USAGE = YES_ERROR;
				CLANG_WARN_EMPTY_BODY = YES;
				CLANG_WARN_ENUM_CONVERSION = YES;
				CLANG_WARN_INT_CONVERSION = YES;
				CLANG_WARN_OBJC_ROOT_CLASS = YES_ERROR;
				CLANG_WARN_UNREACHABLE_CODE = YES;
				CLANG_WARN__DUPLICATE_METHOD_MATCH = YES;
				"CODE_SIGN_IDENTITY[sdk=iphoneos*]" = "iPhone Developer";
				COPY_PHASE_STRIP = NO;
				DEBUG_INFORMATION_FORMAT = "dwarf-with-dsym";
				ENABLE_NS_ASSERTIONS = NO;
				ENABLE_STRICT_OBJC_MSGSEND = YES;
				GCC_C_LANGUAGE_STANDARD = gnu99;
				GCC_NO_COMMON_BLOCKS = YES;
				GCC_WARN_64_TO_32_BIT_CONVERSION = YES;
				GCC_WARN_ABOUT_RETURN_TYPE = YES_ERROR;
				GCC_WARN_UNDECLARED_SELECTOR = YES;
				GCC_WARN_UNINITIALIZED_AUTOS = YES_AGGRESSIVE;
				GCC_WARN_UNUSED_FUNCTION = YES;
				GCC_WARN_UNUSED_VARIABLE = YES;
				IPHONEOS_DEPLOYMENT_TARGET = 9.3;
				MTL_ENABLE_DEBUG_INFO = NO;
				SDKROOT = iphoneos;
				VALIDATE_PRODUCT = YES;
			};
			name = Release;
		};
		BB01AE031D2ACEA4004EE2D0 /* Debug */ = {
			isa = XCBuildConfiguration;
			buildSettings = {
				ASSETCATALOG_COMPILER_APPICON_NAME = AppIcon;
				CLANG_ENABLE_MODULES = YES;
				INFOPLIST_FILE = Runmill/Info.plist;
				LD_RUNPATH_SEARCH_PATHS = "$(inherited) @executable_path/Frameworks";
				PRODUCT_BUNDLE_IDENTIFIER = mb.Runmill;
				PRODUCT_NAME = "$(TARGET_NAME)";
				SWIFT_OBJC_BRIDGING_HEADER = "Runmill-Bridging-Header.h";
				SWIFT_OPTIMIZATION_LEVEL = "-Onone";
			};
			name = Debug;
		};
		BB01AE041D2ACEA4004EE2D0 /* Release */ = {
			isa = XCBuildConfiguration;
			buildSettings = {
				ASSETCATALOG_COMPILER_APPICON_NAME = AppIcon;
				CLANG_ENABLE_MODULES = YES;
				INFOPLIST_FILE = Runmill/Info.plist;
				LD_RUNPATH_SEARCH_PATHS = "$(inherited) @executable_path/Frameworks";
				PRODUCT_BUNDLE_IDENTIFIER = mb.Runmill;
				PRODUCT_NAME = "$(TARGET_NAME)";
				SWIFT_OBJC_BRIDGING_HEADER = "Runmill-Bridging-Header.h";
			};
			name = Release;
		};
/* End XCBuildConfiguration section */

/* Begin XCConfigurationList section */
		BB01ADE81D2ACEA4004EE2D0 /* Build configuration list for PBXProject "Runmill" */ = {
			isa = XCConfigurationList;
			buildConfigurations = (
				BB01AE001D2ACEA4004EE2D0 /* Debug */,
				BB01AE011D2ACEA4004EE2D0 /* Release */,
			);
			defaultConfigurationIsVisible = 0;
			defaultConfigurationName = Release;
		};
		BB01AE021D2ACEA4004EE2D0 /* Build configuration list for PBXNativeTarget "Runmill" */ = {
			isa = XCConfigurationList;
			buildConfigurations = (
				BB01AE031D2ACEA4004EE2D0 /* Debug */,
				BB01AE041D2ACEA4004EE2D0 /* Release */,
			);
			defaultConfigurationIsVisible = 0;
			defaultConfigurationName = Release;
		};
/* End XCConfigurationList section */

/* Begin XCVersionGroup section */
		BB01ADF71D2ACEA4004EE2D0 /* Runmill.xcdatamodeld */ = {
			isa = XCVersionGroup;
			children = (
				BB01ADF81D2ACEA4004EE2D0 /* Runmill.xcdatamodel */,
			);
			currentVersion = BB01ADF81D2ACEA4004EE2D0 /* Runmill.xcdatamodel */;
			path = Runmill.xcdatamodeld;
			sourceTree = "<group>";
			versionGroupType = wrapper.xcdatamodel;
		};
/* End XCVersionGroup section */
	};
	rootObject = BB01ADE51D2ACEA4004EE2D0 /* Project object */;
}
